
Microsoft Visual Studio Solution File, Format Version 12.00
# Visual Studio Version 17
VisualStudioVersion = 17.5.2.0
MinimumVisualStudioVersion = 10.0.40219.1
Project("{9A19103F-16F7-4668-BE54-9A1E7A4F7556}") = "simpleBlogApi", "simpleBlogApi.csproj", "{F42CFBB3-8058-4340-A65E-38B3A33C730D}"
EndProject
Global
	GlobalSection(SolutionConfigurationPlatforms) = preSolution
		Debug|Any CPU = Debug|Any CPU
		Release|Any CPU = Release|Any CPU
	EndGlobalSection
	GlobalSection(ProjectConfigurationPlatforms) = postSolution
		{F42CFBB3-8058-4340-A65E-38B3A33C730D}.Debug|Any CPU.ActiveCfg = Debug|Any CPU
		{F42CFBB3-8058-4340-A65E-38B3A33C730D}.Debug|Any CPU.Build.0 = Debug|Any CPU
		{F42CFBB3-8058-4340-A65E-38B3A33C730D}.Release|Any CPU.ActiveCfg = Release|Any CPU
		{F42CFBB3-8058-4340-A65E-38B3A33C730D}.Release|Any CPU.Build.0 = Release|Any CPU
	EndGlobalSection
	GlobalSection(SolutionProperties) = preSolution
		HideSolutionNode = FALSE
	EndGlobalSection
	GlobalSection(ExtensibilityGlobals) = postSolution
		SolutionGuid = {46AABAC8-E5A1-4D75-8B85-8E6946A1F2D9}
	EndGlobalSection
EndGlobal
